
Microsoft Visual Studio Solution File, Format Version 12.00
# Visual Studio Version 16
VisualStudioVersion = 16.0.30011.22
MinimumVisualStudioVersion = 10.0.40219.1
Project("{FAE04EC0-301F-11D3-BF4B-00C04F79EFBC}") = "homework1", "homework1.csproj", "{0AC12F6F-849E-4316-96C0-1CE08FA2BE67}"
EndProject
Global
	GlobalSection(SolutionConfigurationPlatforms) = preSolution
		Debug|Any CPU = Debug|Any CPU
		Release|Any CPU = Release|Any CPU
	EndGlobalSection
	GlobalSection(ProjectConfigurationPlatforms) = postSolution
		{0AC12F6F-849E-4316-96C0-1CE08FA2BE67}.Debug|Any CPU.ActiveCfg = Debug|Any CPU
		{0AC12F6F-849E-4316-96C0-1CE08FA2BE67}.Debug|Any CPU.Build.0 = Debug|Any CPU
		{0AC12F6F-849E-4316-96C0-1CE08FA2BE67}.Release|Any CPU.ActiveCfg = Release|Any CPU
		{0AC12F6F-849E-4316-96C0-1CE08FA2BE67}.Release|Any CPU.Build.0 = Release|Any CPU
	EndGlobalSection
	GlobalSection(SolutionProperties) = preSolution
		HideSolutionNode = FALSE
	EndGlobalSection
	GlobalSection(ExtensibilityGlobals) = postSolution
		SolutionGuid = {2EBDFF33-0F97-4999-AEC5-449EF2EE8776}
	EndGlobalSection
EndGlobal
